
Microsoft Visual Studio Solution File, Format Version 12.00
# Visual Studio Version 17
VisualStudioVersion = 17.5.33209.295
MinimumVisualStudioVersion = 10.0.40219.1
Project("{FAE04EC0-301F-11D3-BF4B-00C04F79EFBC}") = "MultiTenancyInDotNetCore6.API", "MultiTenancyInDotNetCore6.API\MultiTenancyInDotNetCore6.API.csproj", "{34E08B57-3DBB-4B0F-907B-7CAC8B540BE3}"
EndProject
Global
	GlobalSection(SolutionConfigurationPlatforms) = preSolution
		Debug|Any CPU = Debug|Any CPU
		Release|Any CPU = Release|Any CPU
	EndGlobalSection
	GlobalSection(ProjectConfigurationPlatforms) = postSolution
		{34E08B57-3DBB-4B0F-907B-7CAC8B540BE3}.Debug|Any CPU.ActiveCfg = Debug|Any CPU
		{34E08B57-3DBB-4B0F-907B-7CAC8B540BE3}.Debug|Any CPU.Build.0 = Debug|Any CPU
		{34E08B57-3DBB-4B0F-907B-7CAC8B540BE3}.Release|Any CPU.ActiveCfg = Release|Any CPU
		{34E08B57-3DBB-4B0F-907B-7CAC8B540BE3}.Release|Any CPU.Build.0 = Release|Any CPU
	EndGlobalSection
	GlobalSection(SolutionProperties) = preSolution
		HideSolutionNode = FALSE
	EndGlobalSection
	GlobalSection(ExtensibilityGlobals) = postSolution
		SolutionGuid = {B5BD82C7-DD79-422A-A432-5D30B5FCD8C1}
	EndGlobalSection
EndGlobal
